
Microsoft Visual Studio Solution File, Format Version 12.00
# Visual Studio Version 16
VisualStudioVersion = 16.0.31205.134
MinimumVisualStudioVersion = 10.0.40219.1
Project("{2150E333-8FDC-42A3-9474-1A3956D46DE8}") = "Tag1", "Tag1", "{347B20E9-81E3-4110-8AA0-C0BE5F3FB6E8}"
EndProject
Project("{9A19103F-16F7-4668-BE54-9A1E7A4F7556}") = "DISample", "DISample\DISample.csproj", "{C2CEB12D-7308-4F0E-9E4D-FE3FEAF78347}"
EndProject
Project("{2150E333-8FDC-42A3-9474-1A3956D46DE8}") = "Overview", "Overview", "{3A1D648A-3B5B-4524-A7F6-DC9ED5D1CC0E}"
EndProject
Project("{9A19103F-16F7-4668-BE54-9A1E7A4F7556}") = "OverviewMVC", "OverviewMVC\OverviewMVC.csproj", "{B343EBE1-8E19-46FC-B682-D2E9405C5B79}"
EndProject
Project("{9A19103F-16F7-4668-BE54-9A1E7A4F7556}") = "OverviewRazorPage", "OverviewRazorPage\OverviewRazorPage.csproj", "{83E965A5-63A2-4F38-A630-139268ACDB98}"
EndProject
Project("{9A19103F-16F7-4668-BE54-9A1E7A4F7556}") = "OverviewWebAPI", "OverviewWebAPI\OverviewWebAPI.csproj", "{495964C3-34DF-4355-BFCC-94B99AC7E693}"
EndProject
Project("{9A19103F-16F7-4668-BE54-9A1E7A4F7556}") = "ServiceCollectionAndServiceProviderSample", "ServiceCollectionAndServiceProviderSample\ServiceCollectionAndServiceProviderSample.csproj", "{2CAB8BF9-1E67-4696-BAB9-FE88B56C7078}"
EndProject
Project("{2150E333-8FDC-42A3-9474-1A3956D46DE8}") = "DependencyObjects_Lifetime", "DependencyObjects_Lifetime", "{78166BD4-77C0-4F49-8640-59ECBD64A8FC}"
EndProject
Project("{9A19103F-16F7-4668-BE54-9A1E7A4F7556}") = "DIScopeVsTransientVsSingletonSample", "DIScopeVsTransientVsSingletonSample\DIScopeVsTransientVsSingletonSample.csproj", "{8428BC28-B274-4F6C-86F6-F2CC2CFF976A}"
EndProject
Project("{2150E333-8FDC-42A3-9474-1A3956D46DE8}") = "Solution Items", "Solution Items", "{584D7612-D1A2-4259-941F-6D5E4CB38950}"
	ProjectSection(SolutionItems) = preProject
		Agenda.md = Agenda.md
	EndProjectSection
EndProject
Project("{9A19103F-16F7-4668-BE54-9A1E7A4F7556}") = "ConfigurationsWithDISample", "ConfigurationsWithDISample\ConfigurationsWithDISample.csproj", "{2E8D6980-232A-4192-90BA-CE7E7E2AA144}"
EndProject
Project("{9A19103F-16F7-4668-BE54-9A1E7A4F7556}") = "MVCIntroductionSamples", "MVCIntroductionSamples\MVCIntroductionSamples.csproj", "{83C56F24-9DF8-4DBE-88D5-5C82FB6E8A20}"
EndProject
Project("{2150E333-8FDC-42A3-9474-1A3956D46DE8}") = "Tag2", "Tag2", "{7E986751-1D52-41A9-8747-208227C0FB71}"
EndProject
Project("{2150E333-8FDC-42A3-9474-1A3956D46DE8}") = "Logging", "Logging", "{74A10B31-7279-4BEC-AAD0-09D74972DD64}"
EndProject
Project("{9A19103F-16F7-4668-BE54-9A1E7A4F7556}") = "MVCSerilogSample", "MVCSerilogSample\MVCSerilogSample.csproj", "{4C596B6D-79DA-4581-8E97-5A5EAB2E07D9}"
EndProject
Project("{2150E333-8FDC-42A3-9474-1A3956D46DE8}") = "Middleware", "Middleware", "{52076AEE-F195-47E6-9076-59D3BF11B442}"
EndProject
Project("{9A19103F-16F7-4668-BE54-9A1E7A4F7556}") = "MiddlewareSamples", "MiddlewareSamples\MiddlewareSamples.csproj", "{E68E95BC-5A82-4962-894F-633B78B1E6F4}"
EndProject
Project("{2150E333-8FDC-42A3-9474-1A3956D46DE8}") = "EFCore", "EFCore", "{0C00247F-CF91-4F44-8A80-14ED21C56F17}"
EndProject
Project("{9A19103F-16F7-4668-BE54-9A1E7A4F7556}") = "EFCoreWitMVCSample", "EFCoreWitMVCSample\EFCoreWitMVCSample.csproj", "{EC6FC8B8-49AB-4874-9B1F-686BADD1F725}"
EndProject
Project("{2150E333-8FDC-42A3-9474-1A3956D46DE8}") = "Tag3", "Tag3", "{985A7634-8FD7-4095-927E-9CD34CB15026}"
EndProject
Project("{9A19103F-16F7-4668-BE54-9A1E7A4F7556}") = "MultipleSubmitButtons", "MultipleSubmitButtons\MultipleSubmitButtons.csproj", "{60A22D0D-01C0-4ED5-B306-1A126A9DCEDC}"
EndProject
Project("{9A19103F-16F7-4668-BE54-9A1E7A4F7556}") = "StateManangementSample", "StateManangementSample\StateManangementSample.csproj", "{2A4EFA54-409D-4B42-9B59-CE436F73EE15}"
EndProject
Project("{9A19103F-16F7-4668-BE54-9A1E7A4F7556}") = "RoutingMVCSample", "RoutingMVCSample\RoutingMVCSample.csproj", "{4534010B-645B-4FF4-9F0F-ABC6F25F4273}"
EndProject
Project("{9A19103F-16F7-4668-BE54-9A1E7A4F7556}") = "PartialViewAndViewSample", "PartialViewAndViewComponentsSample\PartialViewAndViewSample.csproj", "{5D5AC8B8-9092-42BD-B7B9-3D3C632B759F}"
EndProject
Project("{9A19103F-16F7-4668-BE54-9A1E7A4F7556}") = "LocalizationCultureSampe1", "Globalisierung_Lokalisierung\Beispiel3_DataAnnotations\Sample\LocalizationCultureSampe1\LocalizationCultureSampe1.csproj", "{796FE512-4880-4A14-9777-EF44188A01C0}"
EndProject
Project("{9A19103F-16F7-4668-BE54-9A1E7A4F7556}") = "BookShop", "BookShop\BookShop.csproj", "{80EB0972-0FE3-49C1-A599-D3B61207F3F7}"
EndProject
Project("{9A19103F-16F7-4668-BE54-9A1E7A4F7556}") = "IdentitySample", "IdentitySample\IdentitySample.csproj", "{A3A5179F-5126-4CFB-BB80-B0162F2AB43D}"
EndProject
Project("{9A19103F-16F7-4668-BE54-9A1E7A4F7556}") = "LocalADSample", "LocalADSample\LocalADSample.csproj", "{48D46119-C463-4D49-B8D9-61B0C28A3779}"
EndProject
Project("{9A19103F-16F7-4668-BE54-9A1E7A4F7556}") = "AuthorizationFiltersSample", "AuthorizationFiltersSample\AuthorizationFiltersSample\AuthorizationFiltersSample.csproj", "{2234F895-F867-4E18-9ED9-15F59E779CC0}"
EndProject
Project("{9A19103F-16F7-4668-BE54-9A1E7A4F7556}") = "WebAPICourse", "WebAPICourse\WebAPICourse.csproj", "{43FB5CF0-0C5E-431F-8F2C-285539B728A6}"
EndProject
Project("{9A19103F-16F7-4668-BE54-9A1E7A4F7556}") = "HttpClientXMLSample", "HttpClientXMLSample\HttpClientXMLSample.csproj", "{8C60764F-B0B9-41BE-8929-54FA7A42B83F}"
EndProject
Project("{2150E333-8FDC-42A3-9474-1A3956D46DE8}") = "Project", "Project", "{92A4545E-CA68-42E5-956D-EDFAD6D921C4}"
EndProject
Project("{9A19103F-16F7-4668-BE54-9A1E7A4F7556}") = "Movie.Domain", "Movie.Domain\Movie.Domain.csproj", "{7A256F69-2E95-499C-AA50-C18CA3D8E845}"
EndProject
Project("{9A19103F-16F7-4668-BE54-9A1E7A4F7556}") = "Movie.Service", "Movie.Service\Movie.Service.csproj", "{B69AD8C4-1CA2-4472-A29B-1DC0D423BC23}"
EndProject
Project("{FAE04EC0-301F-11D3-BF4B-00C04F79EFBC}") = "Mov.Client", "Mov.Client\Mov.Client.csproj", "{FDD48F1E-9B2C-4E42-B780-8767B67792D9}"
EndProject
Global
	GlobalSection(SolutionConfigurationPlatforms) = preSolution
		Debug|Any CPU = Debug|Any CPU
		Release|Any CPU = Release|Any CPU
	EndGlobalSection
	GlobalSection(ProjectConfigurationPlatforms) = postSolution
		{C2CEB12D-7308-4F0E-9E4D-FE3FEAF78347}.Debug|Any CPU.ActiveCfg = Debug|Any CPU
		{C2CEB12D-7308-4F0E-9E4D-FE3FEAF78347}.Debug|Any CPU.Build.0 = Debug|Any CPU
		{C2CEB12D-7308-4F0E-9E4D-FE3FEAF78347}.Release|Any CPU.ActiveCfg = Release|Any CPU
		{C2CEB12D-7308-4F0E-9E4D-FE3FEAF78347}.Release|Any CPU.Build.0 = Release|Any CPU
		{B343EBE1-8E19-46FC-B682-D2E9405C5B79}.Debug|Any CPU.ActiveCfg = Debug|Any CPU
		{B343EBE1-8E19-46FC-B682-D2E9405C5B79}.Debug|Any CPU.Build.0 = Debug|Any CPU
		{B343EBE1-8E19-46FC-B682-D2E9405C5B79}.Release|Any CPU.ActiveCfg = Release|Any CPU
		{B343EBE1-8E19-46FC-B682-D2E9405C5B79}.Release|Any CPU.Build.0 = Release|Any CPU
		{83E965A5-63A2-4F38-A630-139268ACDB98}.Debug|Any CPU.ActiveCfg = Debug|Any CPU
		{83E965A5-63A2-4F38-A630-139268ACDB98}.Debug|Any CPU.Build.0 = Debug|Any CPU
		{83E965A5-63A2-4F38-A630-139268ACDB98}.Release|Any CPU.ActiveCfg = Release|Any CPU
		{83E965A5-63A2-4F38-A630-139268ACDB98}.Release|Any CPU.Build.0 = Release|Any CPU
		{495964C3-34DF-4355-BFCC-94B99AC7E693}.Debug|Any CPU.ActiveCfg = Debug|Any CPU
		{495964C3-34DF-4355-BFCC-94B99AC7E693}.Debug|Any CPU.Build.0 = Debug|Any CPU
		{495964C3-34DF-4355-BFCC-94B99AC7E693}.Release|Any CPU.ActiveCfg = Release|Any CPU
		{495964C3-34DF-4355-BFCC-94B99AC7E693}.Release|Any CPU.Build.0 = Release|Any CPU
		{2CAB8BF9-1E67-4696-BAB9-FE88B56C7078}.Debug|Any CPU.ActiveCfg = Debug|Any CPU
		{2CAB8BF9-1E67-4696-BAB9-FE88B56C7078}.Debug|Any CPU.Build.0 = Debug|Any CPU
		{2CAB8BF9-1E67-4696-BAB9-FE88B56C7078}.Release|Any CPU.ActiveCfg = Release|Any CPU
		{2CAB8BF9-1E67-4696-BAB9-FE88B56C7078}.Release|Any CPU.Build.0 = Release|Any CPU
		{8428BC28-B274-4F6C-86F6-F2CC2CFF976A}.Debug|Any CPU.ActiveCfg = Debug|Any CPU
		{8428BC28-B274-4F6C-86F6-F2CC2CFF976A}.Debug|Any CPU.Build.0 = Debug|Any CPU
		{8428BC28-B274-4F6C-86F6-F2CC2CFF976A}.Release|Any CPU.ActiveCfg = Release|Any CPU
		{8428BC28-B274-4F6C-86F6-F2CC2CFF976A}.Release|Any CPU.Build.0 = Release|Any CPU
		{2E8D6980-232A-4192-90BA-CE7E7E2AA144}.Debug|Any CPU.ActiveCfg = Debug|Any CPU
		{2E8D6980-232A-4192-90BA-CE7E7E2AA144}.Debug|Any CPU.Build.0 = Debug|Any CPU
		{2E8D6980-232A-4192-90BA-CE7E7E2AA144}.Release|Any CPU.ActiveCfg = Release|Any CPU
		{2E8D6980-232A-4192-90BA-CE7E7E2AA144}.Release|Any CPU.Build.0 = Release|Any CPU
		{83C56F24-9DF8-4DBE-88D5-5C82FB6E8A20}.Debug|Any CPU.ActiveCfg = Debug|Any CPU
		{83C56F24-9DF8-4DBE-88D5-5C82FB6E8A20}.Debug|Any CPU.Build.0 = Debug|Any CPU
		{83C56F24-9DF8-4DBE-88D5-5C82FB6E8A20}.Release|Any CPU.ActiveCfg = Release|Any CPU
		{83C56F24-9DF8-4DBE-88D5-5C82FB6E8A20}.Release|Any CPU.Build.0 = Release|Any CPU
		{4C596B6D-79DA-4581-8E97-5A5EAB2E07D9}.Debug|Any CPU.ActiveCfg = Debug|Any CPU
		{4C596B6D-79DA-4581-8E97-5A5EAB2E07D9}.Debug|Any CPU.Build.0 = Debug|Any CPU
		{4C596B6D-79DA-4581-8E97-5A5EAB2E07D9}.Release|Any CPU.ActiveCfg = Release|Any CPU
		{4C596B6D-79DA-4581-8E97-5A5EAB2E07D9}.Release|Any CPU.Build.0 = Release|Any CPU
		{E68E95BC-5A82-4962-894F-633B78B1E6F4}.Debug|Any CPU.ActiveCfg = Debug|Any CPU
		{E68E95BC-5A82-4962-894F-633B78B1E6F4}.Debug|Any CPU.Build.0 = Debug|Any CPU
		{E68E95BC-5A82-4962-894F-633B78B1E6F4}.Release|Any CPU.ActiveCfg = Release|Any CPU
		{E68E95BC-5A82-4962-894F-633B78B1E6F4}.Release|Any CPU.Build.0 = Release|Any CPU
		{EC6FC8B8-49AB-4874-9B1F-686BADD1F725}.Debug|Any CPU.ActiveCfg = Debug|Any CPU
		{EC6FC8B8-49AB-4874-9B1F-686BADD1F725}.Debug|Any CPU.Build.0 = Debug|Any CPU
		{EC6FC8B8-49AB-4874-9B1F-686BADD1F725}.Release|Any CPU.ActiveCfg = Release|Any CPU
		{EC6FC8B8-49AB-4874-9B1F-686BADD1F725}.Release|Any CPU.Build.0 = Release|Any CPU
		{60A22D0D-01C0-4ED5-B306-1A126A9DCEDC}.Debug|Any CPU.ActiveCfg = Debug|Any CPU
		{60A22D0D-01C0-4ED5-B306-1A126A9DCEDC}.Debug|Any CPU.Build.0 = Debug|Any CPU
		{60A22D0D-01C0-4ED5-B306-1A126A9DCEDC}.Release|Any CPU.ActiveCfg = Release|Any CPU
		{60A22D0D-01C0-4ED5-B306-1A126A9DCEDC}.Release|Any CPU.Build.0 = Release|Any CPU
		{2A4EFA54-409D-4B42-9B59-CE436F73EE15}.Debug|Any CPU.ActiveCfg = Debug|Any CPU
		{2A4EFA54-409D-4B42-9B59-CE436F73EE15}.Debug|Any CPU.Build.0 = Debug|Any CPU
		{2A4EFA54-409D-4B42-9B59-CE436F73EE15}.Release|Any CPU.ActiveCfg = Release|Any CPU
		{2A4EFA54-409D-4B42-9B59-CE436F73EE15}.Release|Any CPU.Build.0 = Release|Any CPU
		{4534010B-645B-4FF4-9F0F-ABC6F25F4273}.Debug|Any CPU.ActiveCfg = Debug|Any CPU
		{4534010B-645B-4FF4-9F0F-ABC6F25F4273}.Debug|Any CPU.Build.0 = Debug|Any CPU
		{4534010B-645B-4FF4-9F0F-ABC6F25F4273}.Release|Any CPU.ActiveCfg = Release|Any CPU
		{4534010B-645B-4FF4-9F0F-ABC6F25F4273}.Release|Any CPU.Build.0 = Release|Any CPU
		{5D5AC8B8-9092-42BD-B7B9-3D3C632B759F}.Debug|Any CPU.ActiveCfg = Debug|Any CPU
		{5D5AC8B8-9092-42BD-B7B9-3D3C632B759F}.Debug|Any CPU.Build.0 = Debug|Any CPU
		{5D5AC8B8-9092-42BD-B7B9-3D3C632B759F}.Release|Any CPU.ActiveCfg = Release|Any CPU
		{5D5AC8B8-9092-42BD-B7B9-3D3C632B759F}.Release|Any CPU.Build.0 = Release|Any CPU
		{796FE512-4880-4A14-9777-EF44188A01C0}.Debug|Any CPU.ActiveCfg = Debug|Any CPU
		{796FE512-4880-4A14-9777-EF44188A01C0}.Debug|Any CPU.Build.0 = Debug|Any CPU
		{796FE512-4880-4A14-9777-EF44188A01C0}.Release|Any CPU.ActiveCfg = Release|Any CPU
		{796FE512-4880-4A14-9777-EF44188A01C0}.Release|Any CPU.Build.0 = Release|Any CPU
		{80EB0972-0FE3-49C1-A599-D3B61207F3F7}.Debug|Any CPU.ActiveCfg = Debug|Any CPU
		{80EB0972-0FE3-49C1-A599-D3B61207F3F7}.Debug|Any CPU.Build.0 = Debug|Any CPU
		{80EB0972-0FE3-49C1-A599-D3B61207F3F7}.Release|Any CPU.ActiveCfg = Release|Any CPU
		{80EB0972-0FE3-49C1-A599-D3B61207F3F7}.Release|Any CPU.Build.0 = Release|Any CPU
		{A3A5179F-5126-4CFB-BB80-B0162F2AB43D}.Debug|Any CPU.ActiveCfg = Debug|Any CPU
		{A3A5179F-5126-4CFB-BB80-B0162F2AB43D}.Debug|Any CPU.Build.0 = Debug|Any CPU
		{A3A5179F-5126-4CFB-BB80-B0162F2AB43D}.Release|Any CPU.ActiveCfg = Release|Any CPU
		{A3A5179F-5126-4CFB-BB80-B0162F2AB43D}.Release|Any CPU.Build.0 = Release|Any CPU
		{48D46119-C463-4D49-B8D9-61B0C28A3779}.Debug|Any CPU.ActiveCfg = Debug|Any CPU
		{48D46119-C463-4D49-B8D9-61B0C28A3779}.Debug|Any CPU.Build.0 = Debug|Any CPU
		{48D46119-C463-4D49-B8D9-61B0C28A3779}.Release|Any CPU.ActiveCfg = Release|Any CPU
		{48D46119-C463-4D49-B8D9-61B0C28A3779}.Release|Any CPU.Build.0 = Release|Any CPU
		{2234F895-F867-4E18-9ED9-15F59E779CC0}.Debug|Any CPU.ActiveCfg = Debug|Any CPU
		{2234F895-F867-4E18-9ED9-15F59E779CC0}.Debug|Any CPU.Build.0 = Debug|Any CPU
		{2234F895-F867-4E18-9ED9-15F59E779CC0}.Release|Any CPU.ActiveCfg = Release|Any CPU
		{2234F895-F867-4E18-9ED9-15F59E779CC0}.Release|Any CPU.Build.0 = Release|Any CPU
		{43FB5CF0-0C5E-431F-8F2C-285539B728A6}.Debug|Any CPU.ActiveCfg = Debug|Any CPU
		{43FB5CF0-0C5E-431F-8F2C-285539B728A6}.Debug|Any CPU.Build.0 = Debug|Any CPU
		{43FB5CF0-0C5E-431F-8F2C-285539B728A6}.Release|Any CPU.ActiveCfg = Release|Any CPU
		{43FB5CF0-0C5E-431F-8F2C-285539B728A6}.Release|Any CPU.Build.0 = Release|Any CPU
		{8C60764F-B0B9-41BE-8929-54FA7A42B83F}.Debug|Any CPU.ActiveCfg = Debug|Any CPU
		{8C60764F-B0B9-41BE-8929-54FA7A42B83F}.Debug|Any CPU.Build.0 = Debug|Any CPU
		{8C60764F-B0B9-41BE-8929-54FA7A42B83F}.Release|Any CPU.ActiveCfg = Release|Any CPU
		{8C60764F-B0B9-41BE-8929-54FA7A42B83F}.Release|Any CPU.Build.0 = Release|Any CPU
		{7A256F69-2E95-499C-AA50-C18CA3D8E845}.Debug|Any CPU.ActiveCfg = Debug|Any CPU
		{7A256F69-2E95-499C-AA50-C18CA3D8E845}.Debug|Any CPU.Build.0 = Debug|Any CPU
		{7A256F69-2E95-499C-AA50-C18CA3D8E845}.Release|Any CPU.ActiveCfg = Release|Any CPU
		{7A256F69-2E95-499C-AA50-C18CA3D8E845}.Release|Any CPU.Build.0 = Release|Any CPU
		{B69AD8C4-1CA2-4472-A29B-1DC0D423BC23}.Debug|Any CPU.ActiveCfg = Debug|Any CPU
		{B69AD8C4-1CA2-4472-A29B-1DC0D423BC23}.Debug|Any CPU.Build.0 = Debug|Any CPU
		{B69AD8C4-1CA2-4472-A29B-1DC0D423BC23}.Release|Any CPU.ActiveCfg = Release|Any CPU
		{B69AD8C4-1CA2-4472-A29B-1DC0D423BC23}.Release|Any CPU.Build.0 = Release|Any CPU
		{FDD48F1E-9B2C-4E42-B780-8767B67792D9}.Debug|Any CPU.ActiveCfg = Debug|Any CPU
		{FDD48F1E-9B2C-4E42-B780-8767B67792D9}.Debug|Any CPU.Build.0 = Debug|Any CPU
		{FDD48F1E-9B2C-4E42-B780-8767B67792D9}.Release|Any CPU.ActiveCfg = Release|Any CPU
		{FDD48F1E-9B2C-4E42-B780-8767B67792D9}.Release|Any CPU.Build.0 = Release|Any CPU
	EndGlobalSection
	GlobalSection(SolutionProperties) = preSolution
		HideSolutionNode = FALSE
	EndGlobalSection
	GlobalSection(NestedProjects) = preSolution
		{C2CEB12D-7308-4F0E-9E4D-FE3FEAF78347} = {347B20E9-81E3-4110-8AA0-C0BE5F3FB6E8}
		{3A1D648A-3B5B-4524-A7F6-DC9ED5D1CC0E} = {347B20E9-81E3-4110-8AA0-C0BE5F3FB6E8}
		{B343EBE1-8E19-46FC-B682-D2E9405C5B79} = {3A1D648A-3B5B-4524-A7F6-DC9ED5D1CC0E}
		{83E965A5-63A2-4F38-A630-139268ACDB98} = {3A1D648A-3B5B-4524-A7F6-DC9ED5D1CC0E}
		{495964C3-34DF-4355-BFCC-94B99AC7E693} = {3A1D648A-3B5B-4524-A7F6-DC9ED5D1CC0E}
		{2CAB8BF9-1E67-4696-BAB9-FE88B56C7078} = {347B20E9-81E3-4110-8AA0-C0BE5F3FB6E8}
		{78166BD4-77C0-4F49-8640-59ECBD64A8FC} = {347B20E9-81E3-4110-8AA0-C0BE5F3FB6E8}
		{8428BC28-B274-4F6C-86F6-F2CC2CFF976A} = {78166BD4-77C0-4F49-8640-59ECBD64A8FC}
		{2E8D6980-232A-4192-90BA-CE7E7E2AA144} = {347B20E9-81E3-4110-8AA0-C0BE5F3FB6E8}
		{83C56F24-9DF8-4DBE-88D5-5C82FB6E8A20} = {347B20E9-81E3-4110-8AA0-C0BE5F3FB6E8}
		{74A10B31-7279-4BEC-AAD0-09D74972DD64} = {7E986751-1D52-41A9-8747-208227C0FB71}
		{4C596B6D-79DA-4581-8E97-5A5EAB2E07D9} = {74A10B31-7279-4BEC-AAD0-09D74972DD64}
		{52076AEE-F195-47E6-9076-59D3BF11B442} = {7E986751-1D52-41A9-8747-208227C0FB71}
		{E68E95BC-5A82-4962-894F-633B78B1E6F4} = {52076AEE-F195-47E6-9076-59D3BF11B442}
		{0C00247F-CF91-4F44-8A80-14ED21C56F17} = {7E986751-1D52-41A9-8747-208227C0FB71}
		{EC6FC8B8-49AB-4874-9B1F-686BADD1F725} = {0C00247F-CF91-4F44-8A80-14ED21C56F17}
		{60A22D0D-01C0-4ED5-B306-1A126A9DCEDC} = {985A7634-8FD7-4095-927E-9CD34CB15026}
		{2A4EFA54-409D-4B42-9B59-CE436F73EE15} = {985A7634-8FD7-4095-927E-9CD34CB15026}
		{4534010B-645B-4FF4-9F0F-ABC6F25F4273} = {985A7634-8FD7-4095-927E-9CD34CB15026}
		{5D5AC8B8-9092-42BD-B7B9-3D3C632B759F} = {985A7634-8FD7-4095-927E-9CD34CB15026}
		{796FE512-4880-4A14-9777-EF44188A01C0} = {985A7634-8FD7-4095-927E-9CD34CB15026}
		{80EB0972-0FE3-49C1-A599-D3B61207F3F7} = {985A7634-8FD7-4095-927E-9CD34CB15026}
		{A3A5179F-5126-4CFB-BB80-B0162F2AB43D} = {985A7634-8FD7-4095-927E-9CD34CB15026}
		{48D46119-C463-4D49-B8D9-61B0C28A3779} = {985A7634-8FD7-4095-927E-9CD34CB15026}
		{2234F895-F867-4E18-9ED9-15F59E779CC0} = {985A7634-8FD7-4095-927E-9CD34CB15026}
		{43FB5CF0-0C5E-431F-8F2C-285539B728A6} = {985A7634-8FD7-4095-927E-9CD34CB15026}
		{8C60764F-B0B9-41BE-8929-54FA7A42B83F} = {985A7634-8FD7-4095-927E-9CD34CB15026}
		{7A256F69-2E95-499C-AA50-C18CA3D8E845} = {92A4545E-CA68-42E5-956D-EDFAD6D921C4}
		{B69AD8C4-1CA2-4472-A29B-1DC0D423BC23} = {92A4545E-CA68-42E5-956D-EDFAD6D921C4}
		{FDD48F1E-9B2C-4E42-B780-8767B67792D9} = {92A4545E-CA68-42E5-956D-EDFAD6D921C4}
	EndGlobalSection
	GlobalSection(ExtensibilityGlobals) = postSolution
		SolutionGuid = {F3F8A90D-983E-4A6C-AB99-3C8F62F81383}
	EndGlobalSection
EndGlobal
