
Microsoft Visual Studio Solution File, Format Version 12.00
# Visual Studio Version 16
VisualStudioVersion = 16.0.31019.35
MinimumVisualStudioVersion = 10.0.40219.1
Project("{9A19103F-16F7-4668-BE54-9A1E7A4F7556}") = "LocalizationCultureSampe1", "LocalizationCultureSampe1\LocalizationCultureSampe1.csproj", "{A150FE8E-59F6-41E6-9AFF-ABD6D6032E7B}"
EndProject
Global
	GlobalSection(SolutionConfigurationPlatforms) = preSolution
		Debug|Any CPU = Debug|Any CPU
		Release|Any CPU = Release|Any CPU
	EndGlobalSection
	GlobalSection(ProjectConfigurationPlatforms) = postSolution
		{A150FE8E-59F6-41E6-9AFF-ABD6D6032E7B}.Debug|Any CPU.ActiveCfg = Debug|Any CPU
		{A150FE8E-59F6-41E6-9AFF-ABD6D6032E7B}.Debug|Any CPU.Build.0 = Debug|Any CPU
		{A150FE8E-59F6-41E6-9AFF-ABD6D6032E7B}.Release|Any CPU.ActiveCfg = Release|Any CPU
		{A150FE8E-59F6-41E6-9AFF-ABD6D6032E7B}.Release|Any CPU.Build.0 = Release|Any CPU
	EndGlobalSection
	GlobalSection(SolutionProperties) = preSolution
		HideSolutionNode = FALSE
	EndGlobalSection
	GlobalSection(ExtensibilityGlobals) = postSolution
		SolutionGuid = {8EE7E796-5B21-4FFA-8416-CEA26BDB7F39}
	EndGlobalSection
EndGlobal
